// !$*UTF8*$!
{
	archiveVersion = 1;
	classes = {
	};
	objectVersion = 50;
	objects = {

/* Begin PBXBuildFile section */
		2628F35421C42BB800D8CD00 /* app.cpp in Sources */ = {isa = PBXBuildFile; fileRef = 2628F35321C42BB800D8CD00 /* app.cpp */; };
		263916EE21C8F834008B335B /* AVFoundation.framework in Frameworks */ = {isa = PBXBuildFile; fileRef = 263916ED21C8F833008B335B /* AVFoundation.framework */; };
		263916F021C8F84D008B335B /* CoreMedia.framework in Frameworks */ = {isa = PBXBuildFile; fileRef = 263916EF21C8F84D008B335B /* CoreMedia.framework */; };
		265BF19121723BCD0073F7B8 /* OpenGL.framework in Frameworks */ = {isa = PBXBuildFile; fileRef = 265BF19021723BCD0073F7B8 /* OpenGL.framework */; };
		265BF19321723BFB0073F7B8 /* AppKit.framework in Frameworks */ = {isa = PBXBuildFile; fileRef = 265BF19221723BFB0073F7B8 /* AppKit.framework */; };
		265BF19421723C220073F7B8 /* Quartz.framework in Frameworks */ = {isa = PBXBuildFile; fileRef = 265BF18E21723BBA0073F7B8 /* Quartz.framework */; };
		26840C2C2111FA0300A01A29 /* Assets.xcassets in Resources */ = {isa = PBXBuildFile; fileRef = 26840C2B2111FA0300A01A29 /* Assets.xcassets */; };
		26840C2F2111FA0300A01A29 /* MainMenu.xib in Resources */ = {isa = PBXBuildFile; fileRef = 26840C2D2111FA0300A01A29 /* MainMenu.xib */; };
		26840C322111FA0300A01A29 /* main.cpp in Sources */ = {isa = PBXBuildFile; fileRef = 26840C312111FA0300A01A29 /* main.cpp */; };
		26BB18152205AA490089C7EC /* IOKit.framework in Frameworks */ = {isa = PBXBuildFile; fileRef = 26BB18142205AA490089C7EC /* IOKit.framework */; };
/* End PBXBuildFile section */

/* Begin PBXFileReference section */
		2628F35221C42BB800D8CD00 /* app.h */ = {isa = PBXFileReference; fileEncoding = 4; lastKnownFileType = sourcecode.c.h; name = app.h; path = ../src/app.h; sourceTree = "<group>"; };
		2628F35321C42BB800D8CD00 /* app.cpp */ = {isa = PBXFileReference; fileEncoding = 4; lastKnownFileType = sourcecode.cpp.cpp; name = app.cpp; path = ../src/app.cpp; sourceTree = "<group>"; };
		263916ED21C8F833008B335B /* AVFoundation.framework */ = {isa = PBXFileReference; lastKnownFileType = wrapper.framework; name = AVFoundation.framework; path = System/Library/Frameworks/AVFoundation.framework; sourceTree = SDKROOT; };
		263916EF21C8F84D008B335B /* CoreMedia.framework */ = {isa = PBXFileReference; lastKnownFileType = wrapper.framework; name = CoreMedia.framework; path = System/Library/Frameworks/CoreMedia.framework; sourceTree = SDKROOT; };
		265BF18E21723BBA0073F7B8 /* Quartz.framework */ = {isa = PBXFileReference; lastKnownFileType = wrapper.framework; name = Quartz.framework; path = System/Library/Frameworks/Quartz.framework; sourceTree = SDKROOT; };
		265BF19021723BCD0073F7B8 /* OpenGL.framework */ = {isa = PBXFileReference; lastKnownFileType = wrapper.framework; name = OpenGL.framework; path = System/Library/Frameworks/OpenGL.framework; sourceTree = SDKROOT; };
		265BF19221723BFB0073F7B8 /* AppKit.framework */ = {isa = PBXFileReference; lastKnownFileType = wrapper.framework; name = AppKit.framework; path = System/Library/Frameworks/AppKit.framework; sourceTree = SDKROOT; };
		26840C252111FA0200A01A29 /* QRCodeExample.app */ = {isa = PBXFileReference; explicitFileType = wrapper.application; includeInIndex = 0; path = QRCodeExample.app; sourceTree = BUILT_PRODUCTS_DIR; };
		26840C2B2111FA0300A01A29 /* Assets.xcassets */ = {isa = PBXFileReference; lastKnownFileType = folder.assetcatalog; path = Assets.xcassets; sourceTree = "<group>"; };
		26840C2E2111FA0300A01A29 /* Base */ = {isa = PBXFileReference; lastKnownFileType = file.xib; name = Base; path = Base.lproj/MainMenu.xib; sourceTree = "<group>"; };
		26840C302111FA0300A01A29 /* Info.plist */ = {isa = PBXFileReference; lastKnownFileType = text.plist.xml; path = Info.plist; sourceTree = "<group>"; };
		26840C312111FA0300A01A29 /* main.cpp */ = {isa = PBXFileReference; lastKnownFileType = sourcecode.cpp.cpp; path = main.cpp; sourceTree = "<group>"; };
		26BB18142205AA490089C7EC /* IOKit.framework */ = {isa = PBXFileReference; lastKnownFileType = wrapper.framework; name = IOKit.framework; path = System/Library/Frameworks/IOKit.framework; sourceTree = SDKROOT; };
/* End PBXFileReference section */

/* Begin PBXFrameworksBuildPhase section */
		26840C222111FA0200A01A29 /* Frameworks */ = {
			isa = PBXFrameworksBuildPhase;
			buildActionMask = 2147483647;
			files = (
				26BB18152205AA490089C7EC /* IOKit.framework in Frameworks */,
				263916F021C8F84D008B335B /* CoreMedia.framework in Frameworks */,
				263916EE21C8F834008B335B /* AVFoundation.framework in Frameworks */,
				265BF19421723C220073F7B8 /* Quartz.framework in Frameworks */,
				265BF19321723BFB0073F7B8 /* AppKit.framework in Frameworks */,
				265BF19121723BCD0073F7B8 /* OpenGL.framework in Frameworks */,
			);
			runOnlyForDeploymentPostprocessing = 0;
		};
/* End PBXFrameworksBuildPhase section */

/* Begin PBXGroup section */
		265BF18B21723BB30073F7B8 /* Frameworks */ = {
			isa = PBXGroup;
			children = (
				26BB18142205AA490089C7EC /* IOKit.framework */,
				263916EF21C8F84D008B335B /* CoreMedia.framework */,
				263916ED21C8F833008B335B /* AVFoundation.framework */,
				265BF19221723BFB0073F7B8 /* AppKit.framework */,
				265BF19021723BCD0073F7B8 /* OpenGL.framework */,
				265BF18E21723BBA0073F7B8 /* Quartz.framework */,
			);
			name = Frameworks;
			sourceTree = "<group>";
		};
		26840C1C2111FA0100A01A29 = {
			isa = PBXGroup;
			children = (
				26840C272111FA0200A01A29 /* project */,
				26840C392111FB2E00A01A29 /* src */,
				26840C262111FA0200A01A29 /* Products */,
				265BF18B21723BB30073F7B8 /* Frameworks */,
			);
			sourceTree = "<group>";
			wrapsLines = 1;
		};
		26840C262111FA0200A01A29 /* Products */ = {
			isa = PBXGroup;
			children = (
				26840C252111FA0200A01A29 /* QRCodeExample.app */,
			);
			name = Products;
			sourceTree = "<group>";
		};
		26840C272111FA0200A01A29 /* project */ = {
			isa = PBXGroup;
			children = (
				26840C2B2111FA0300A01A29 /* Assets.xcassets */,
				26840C2D2111FA0300A01A29 /* MainMenu.xib */,
				26840C302111FA0300A01A29 /* Info.plist */,
				26840C312111FA0300A01A29 /* main.cpp */,
			);
			path = project;
			sourceTree = "<group>";
		};
		26840C392111FB2E00A01A29 /* src */ = {
			isa = PBXGroup;
			children = (
				2628F35321C42BB800D8CD00 /* app.cpp */,
				2628F35221C42BB800D8CD00 /* app.h */,
			);
			name = src;
			sourceTree = "<group>";
		};
/* End PBXGroup section */

/* Begin PBXNativeTarget section */
		26840C242111FA0200A01A29 /* QRCodeExample */ = {
			isa = PBXNativeTarget;
			buildConfigurationList = 26840C362111FA0300A01A29 /* Build configuration list for PBXNativeTarget "QRCodeExample" */;
			buildPhases = (
				26840C212111FA0200A01A29 /* Sources */,
				26840C222111FA0200A01A29 /* Frameworks */,
				26840C232111FA0200A01A29 /* Resources */,
			);
			buildRules = (
			);
			dependencies = (
			);
			name = QRCodeExample;
			productName = QRCodeExample;
			productReference = 26840C252111FA0200A01A29 /* QRCodeExample.app */;
			productType = "com.apple.product-type.application";
		};
/* End PBXNativeTarget section */

/* Begin PBXProject section */
		26840C1D2111FA0200A01A29 /* Project object */ = {
			isa = PBXProject;
			attributes = {
				LastUpgradeCheck = 1110;
				ORGANIZATIONNAME = YourOrganization;
				TargetAttributes = {
					26840C242111FA0200A01A29 = {
						CreatedOnToolsVersion = 9.4;
					};
				};
			};
			buildConfigurationList = 26840C202111FA0200A01A29 /* Build configuration list for PBXProject "QRCodeExample" */;
			compatibilityVersion = "Xcode 9.3";
			developmentRegion = en;
			hasScannedForEncodings = 0;
			knownRegions = (
				en,
				Base,
			);
			mainGroup = 26840C1C2111FA0100A01A29;
			productRefGroup = 26840C262111FA0200A01A29 /* Products */;
			projectDirPath = "";
			projectRoot = "";
			targets = (
				26840C242111FA0200A01A29 /* QRCodeExample */,
			);
		};
/* End PBXProject section */

/* Begin PBXResourcesBuildPhase section */
		26840C232111FA0200A01A29 /* Resources */ = {
			isa = PBXResourcesBuildPhase;
			buildActionMask = 2147483647;
			files = (
				26840C2C2111FA0300A01A29 /* Assets.xcassets in Resources */,
				26840C2F2111FA0300A01A29 /* MainMenu.xib in Resources */,
			);
			runOnlyForDeploymentPostprocessing = 0;
		};
/* End PBXResourcesBuildPhase section */

/* Begin PBXSourcesBuildPhase section */
		26840C212111FA0200A01A29 /* Sources */ = {
			isa = PBXSourcesBuildPhase;
			buildActionMask = 2147483647;
			files = (
				26840C322111FA0300A01A29 /* main.cpp in Sources */,
				2628F35421C42BB800D8CD00 /* app.cpp in Sources */,
			);
			runOnlyForDeploymentPostprocessing = 0;
		};
/* End PBXSourcesBuildPhase section */

/* Begin PBXVariantGroup section */
		26840C2D2111FA0300A01A29 /* MainMenu.xib */ = {
			isa = PBXVariantGroup;
			children = (
				26840C2E2111FA0300A01A29 /* Base */,
			);
			name = MainMenu.xib;
			sourceTree = "<group>";
		};
/* End PBXVariantGroup section */

/* Begin XCBuildConfiguration section */
		26840C342111FA0300A01A29 /* Debug */ = {
			isa = XCBuildConfiguration;
			buildSettings = {
				ALWAYS_SEARCH_USER_PATHS = NO;
				CLANG_ANALYZER_NONNULL = YES;
				CLANG_ANALYZER_NUMBER_OBJECT_CONVERSION = YES_AGGRESSIVE;
				CLANG_CXX_LANGUAGE_STANDARD = "gnu++14";
				CLANG_CXX_LIBRARY = "libc++";
				CLANG_ENABLE_MODULES = YES;
				CLANG_ENABLE_OBJC_ARC = YES;
				CLANG_ENABLE_OBJC_WEAK = YES;
				CLANG_WARN_BLOCK_CAPTURE_AUTORELEASING = YES;
				CLANG_WARN_BOOL_CONVERSION = YES;
				CLANG_WARN_COMMA = YES;
				CLANG_WARN_CONSTANT_CONVERSION = YES;
				CLANG_WARN_DEPRECATED_OBJC_IMPLEMENTATIONS = YES;
				CLANG_WARN_DIRECT_OBJC_ISA_USAGE = YES_ERROR;
				CLANG_WARN_DOCUMENTATION_COMMENTS = YES;
				CLANG_WARN_EMPTY_BODY = YES;
				CLANG_WARN_ENUM_CONVERSION = YES;
				CLANG_WARN_INFINITE_RECURSION = YES;
				CLANG_WARN_INT_CONVERSION = YES;
				CLANG_WARN_NON_LITERAL_NULL_CONVERSION = YES;
				CLANG_WARN_OBJC_IMPLICIT_RETAIN_SELF = YES;
				CLANG_WARN_OBJC_LITERAL_CONVERSION = YES;
				CLANG_WARN_OBJC_ROOT_CLASS = YES_ERROR;
				CLANG_WARN_RANGE_LOOP_ANALYSIS = YES;
				CLANG_WARN_STRICT_PROTOTYPES = YES;
				CLANG_WARN_SUSPICIOUS_MOVE = YES;
				CLANG_WARN_UNGUARDED_AVAILABILITY = YES_AGGRESSIVE;
				CLANG_WARN_UNREACHABLE_CODE = YES;
				CLANG_WARN__DUPLICATE_METHOD_MATCH = YES;
				CODE_SIGN_IDENTITY = "-";
				COPY_PHASE_STRIP = NO;
				DEBUG_INFORMATION_FORMAT = dwarf;
				ENABLE_STRICT_OBJC_MSGSEND = YES;
				ENABLE_TESTABILITY = YES;
				GCC_C_LANGUAGE_STANDARD = gnu11;
				GCC_DYNAMIC_NO_PIC = NO;
				GCC_NO_COMMON_BLOCKS = YES;
				GCC_OPTIMIZATION_LEVEL = 0;
				GCC_PREPROCESSOR_DEFINITIONS = (
					"DEBUG=1",
					"$(inherited)",
				);
				GCC_WARN_64_TO_32_BIT_CONVERSION = YES;
				GCC_WARN_ABOUT_RETURN_TYPE = YES_ERROR;
				GCC_WARN_UNDECLARED_SELECTOR = YES;
				GCC_WARN_UNINITIALIZED_AUTOS = YES_AGGRESSIVE;
				GCC_WARN_UNUSED_FUNCTION = YES;
				GCC_WARN_UNUSED_VARIABLE = YES;
				MACOSX_DEPLOYMENT_TARGET = 10.13;
				MTL_ENABLE_DEBUG_INFO = YES;
				ONLY_ACTIVE_ARCH = YES;
				SDKROOT = macosx;
			};
			name = Debug;
		};
		26840C352111FA0300A01A29 /* Release */ = {
			isa = XCBuildConfiguration;
			buildSettings = {
				ALWAYS_SEARCH_USER_PATHS = NO;
				CLANG_ANALYZER_NONNULL = YES;
				CLANG_ANALYZER_NUMBER_OBJECT_CONVERSION = YES_AGGRESSIVE;
				CLANG_CXX_LANGUAGE_STANDARD = "gnu++14";
				CLANG_CXX_LIBRARY = "libc++";
				CLANG_ENABLE_MODULES = YES;
				CLANG_ENABLE_OBJC_ARC = YES;
				CLANG_ENABLE_OBJC_WEAK = YES;
				CLANG_WARN_BLOCK_CAPTURE_AUTORELEASING = YES;
				CLANG_WARN_BOOL_CONVERSION = YES;
				CLANG_WARN_COMMA = YES;
				CLANG_WARN_CONSTANT_CONVERSION = YES;
				CLANG_WARN_DEPRECATED_OBJC_IMPLEMENTATIONS = YES;
				CLANG_WARN_DIRECT_OBJC_ISA_USAGE = YES_ERROR;
				CLANG_WARN_DOCUMENTATION_COMMENTS = YES;
				CLANG_WARN_EMPTY_BODY = YES;
				CLANG_WARN_ENUM_CONVERSION = YES;
				CLANG_WARN_INFINITE_RECURSION = YES;
				CLANG_WARN_INT_CONVERSION = YES;
				CLANG_WARN_NON_LITERAL_NULL_CONVERSION = YES;
				CLANG_WARN_OBJC_IMPLICIT_RETAIN_SELF = YES;
				CLANG_WARN_OBJC_LITERAL_CONVERSION = YES;
				CLANG_WARN_OBJC_ROOT_CLASS = YES_ERROR;
				CLANG_WARN_RANGE_LOOP_ANALYSIS = YES;
				CLANG_WARN_STRICT_PROTOTYPES = YES;
				CLANG_WARN_SUSPICIOUS_MOVE = YES;
				CLANG_WARN_UNGUARDED_AVAILABILITY = YES_AGGRESSIVE;
				CLANG_WARN_UNREACHABLE_CODE = YES;
				CLANG_WARN__DUPLICATE_METHOD_MATCH = YES;
				CODE_SIGN_IDENTITY = "-";
				COPY_PHASE_STRIP = NO;
				DEBUG_INFORMATION_FORMAT = "dwarf-with-dsym";
				ENABLE_NS_ASSERTIONS = NO;
				ENABLE_STRICT_OBJC_MSGSEND = YES;
				GCC_C_LANGUAGE_STANDARD = gnu11;
				GCC_NO_COMMON_BLOCKS = YES;
				GCC_WARN_64_TO_32_BIT_CONVERSION = YES;
				GCC_WARN_ABOUT_RETURN_TYPE = YES_ERROR;
				GCC_WARN_UNDECLARED_SELECTOR = YES;
				GCC_WARN_UNINITIALIZED_AUTOS = YES_AGGRESSIVE;
				GCC_WARN_UNUSED_FUNCTION = YES;
				GCC_WARN_UNUSED_VARIABLE = YES;
				MACOSX_DEPLOYMENT_TARGET = 10.13;
				MTL_ENABLE_DEBUG_INFO = NO;
				SDKROOT = macosx;
			};
			name = Release;
		};
		26840C372111FA0300A01A29 /* Debug */ = {
			isa = XCBuildConfiguration;
			buildSettings = {
				ASSETCATALOG_COMPILER_APPICON_NAME = AppIcon;
				CODE_SIGN_IDENTITY = "-";
				CODE_SIGN_STYLE = Automatic;
				HEADER_SEARCH_PATHS = "$(SLIB_PATH)/include";
				INFOPLIST_FILE = project/Info.plist;
				LD_RUNPATH_SEARCH_PATHS = (
					"$(inherited)",
					"@executable_path/../Frameworks",
				);
				LIBRARY_SEARCH_PATHS = "$(SLIB_PATH)/lib/macOS/$(CONFIGURATION)";
				OTHER_LDFLAGS = (
					"-lslib",
					"-lzxing",
				);
				PRODUCT_BUNDLE_IDENTIFIER = "your-bundle-id.QRCodeExample";
				PRODUCT_NAME = "$(TARGET_NAME)";
				USE_HEADERMAP = YES;
			};
			name = Debug;
		};
		26840C382111FA0300A01A29 /* Release */ = {
			isa = XCBuildConfiguration;
			buildSettings = {
				ASSETCATALOG_COMPILER_APPICON_NAME = AppIcon;
				CODE_SIGN_IDENTITY = "-";
				CODE_SIGN_STYLE = Automatic;
				HEADER_SEARCH_PATHS = "$(SLIB_PATH)/include";
				INFOPLIST_FILE = project/Info.plist;
				LD_RUNPATH_SEARCH_PATHS = (
					"$(inherited)",
					"@executable_path/../Frameworks",
				);
				LIBRARY_SEARCH_PATHS = "$(SLIB_PATH)/lib/macOS/$(CONFIGURATION)";
				OTHER_LDFLAGS = (
					"-lslib",
					"-lzxing",
				);
				PRODUCT_BUNDLE_IDENTIFIER = "your-bundle-id.QRCodeExample";
				PRODUCT_NAME = "$(TARGET_NAME)";
				USE_HEADERMAP = YES;
			};
			name = Release;
		};
/* End XCBuildConfiguration section */

/* Begin XCConfigurationList section */
		26840C202111FA0200A01A29 /* Build configuration list for PBXProject "QRCodeExample" */ = {
			isa = XCConfigurationList;
			buildConfigurations = (
				26840C342111FA0300A01A29 /* Debug */,
				26840C352111FA0300A01A29 /* Release */,
			);
			defaultConfigurationIsVisible = 0;
			defaultConfigurationName = Release;
		};
		26840C362111FA0300A01A29 /* Build configuration list for PBXNativeTarget "QRCodeExample" */ = {
			isa = XCConfigurationList;
			buildConfigurations = (
				26840C372111FA0300A01A29 /* Debug */,
				26840C382111FA0300A01A29 /* Release */,
			);
			defaultConfigurationIsVisible = 0;
			defaultConfigurationName = Release;
		};
/* End XCConfigurationList section */
	};
	rootObject = 26840C1D2111FA0200A01A29 /* Project object */;
}
