<?xml version="1.0" encoding="utf-8"?>
<Project ToolsVersion="4.0" xmlns="http://schemas.microsoft.com/developer/msbuild/2003">
  <ItemGroup>
    <Filter Include="Resource Files">
      <UniqueIdentifier>{67DA6AB6-F800-4c08-8B7A-83BB121AAD01}</UniqueIdentifier>
      <Extensions>rc;ico;cur;bmp;dlg;rc2;rct;bin;rgs;gif;jpg;jpeg;jpe;resx;tiff;tif;png;wav;mfcribbon-ms</Extensions>
    </Filter>
    <Filter Include="src">
      <UniqueIdentifier>{7f6d0bbb-5741-46f5-8c8d-4b4e11248c64}</UniqueIdentifier>
    </Filter>
    <Filter Include="src\slib">
      <UniqueIdentifier>{7a798113-2d21-4adb-ac02-dd07608bb541}</UniqueIdentifier>
    </Filter>
    <Filter Include="src\thirdparty">
      <UniqueIdentifier>{09f86a62-c379-4633-a641-c666cc880dce}</UniqueIdentifier>
    </Filter>
    <Filter Include="src\slib\core">
      <UniqueIdentifier>{ac3d44db-04a0-4800-826a-47ab61f35202}</UniqueIdentifier>
    </Filter>
    <Filter Include="src\slib\math">
      <UniqueIdentifier>{dc2250d9-ea8e-45a3-aade-027d3e602a90}</UniqueIdentifier>
    </Filter>
    <Filter Include="src\slib\crypto">
      <UniqueIdentifier>{6746ed8f-4f09-4936-a37d-83380f4a52e1}</UniqueIdentifier>
    </Filter>
    <Filter Include="src\slib\network">
      <UniqueIdentifier>{3aeedfd1-c574-463d-a99c-0f139c0b102b}</UniqueIdentifier>
    </Filter>
    <Filter Include="src\slib\ui">
      <UniqueIdentifier>{4879ad43-dc2e-4d53-996c-5411899f8010}</UniqueIdentifier>
    </Filter>
    <Filter Include="src\slib\render">
      <UniqueIdentifier>{6a92e221-7b9c-4030-9685-819693f86e74}</UniqueIdentifier>
    </Filter>
    <Filter Include="src\slib\db">
      <UniqueIdentifier>{06c138ef-e680-48b9-9d13-1552a8c1debc}</UniqueIdentifier>
    </Filter>
    <Filter Include="inc">
      <UniqueIdentifier>{5ccc7a8b-0d8a-4d13-b191-b39b5fa2a1a0}</UniqueIdentifier>
    </Filter>
    <Filter Include="inc\core">
      <UniqueIdentifier>{f8d6a0e3-2eb7-452c-bd96-7223091accd3}</UniqueIdentifier>
    </Filter>
    <Filter Include="inc\db">
      <UniqueIdentifier>{e942c1a3-302e-4792-b68e-b45657427376}</UniqueIdentifier>
    </Filter>
    <Filter Include="inc\graphics">
      <UniqueIdentifier>{71fc632f-c093-4016-a4b2-29ee0c94d3c0}</UniqueIdentifier>
    </Filter>
    <Filter Include="inc\math">
      <UniqueIdentifier>{6b272324-dda0-46a0-b631-c91a144587f2}</UniqueIdentifier>
    </Filter>
    <Filter Include="inc\network">
      <UniqueIdentifier>{cb215fc3-0e69-45e2-a38a-a4b9d8d0c6e2}</UniqueIdentifier>
    </Filter>
    <Filter Include="inc\render">
      <UniqueIdentifier>{6739f889-e258-4a28-aa80-7c51dbae89e5}</UniqueIdentifier>
    </Filter>
    <Filter Include="inc\ui">
      <UniqueIdentifier>{3c560f96-5122-41d6-acae-d77945fb745b}</UniqueIdentifier>
    </Filter>
    <Filter Include="src\slib\graphics">
      <UniqueIdentifier>{7e7339e2-ced3-4f3c-914b-189751a86ef6}</UniqueIdentifier>
    </Filter>
    <Filter Include="src\slib\media">
      <UniqueIdentifier>{32c7132b-764a-49f6-87e1-57b4ae34808c}</UniqueIdentifier>
    </Filter>
    <Filter Include="src\slib\device">
      <UniqueIdentifier>{02c07562-3c23-4616-b82b-bac1b7f875c1}</UniqueIdentifier>
    </Filter>
    <Filter Include="inc\media">
      <UniqueIdentifier>{815aa44f-55e0-491d-bf10-452aa8c4649a}</UniqueIdentifier>
    </Filter>
    <Filter Include="inc\device">
      <UniqueIdentifier>{86efe254-d678-404e-90ac-886093584d15}</UniqueIdentifier>
    </Filter>
    <Filter Include="inc\map">
      <UniqueIdentifier>{8f0f75b9-b24a-46f7-8563-2ade030b0264}</UniqueIdentifier>
    </Filter>
    <Filter Include="src\slib\map">
      <UniqueIdentifier>{6ebc5a2a-3ac1-497e-88f6-b4fb4c33e97a}</UniqueIdentifier>
    </Filter>
  </ItemGroup>
  <ItemGroup>
    <ClInclude Include="..\..\..\src\slib\core\async_config.h">
      <Filter>src\slib\core</Filter>
    </ClInclude>
    <ClInclude Include="..\..\..\inc\slib\core.h">
      <Filter>inc</Filter>
    </ClInclude>
    <ClInclude Include="..\..\..\inc\slib\crypto.h">
      <Filter>inc</Filter>
    </ClInclude>
    <ClInclude Include="..\..\..\inc\slib\db.h">
      <Filter>inc</Filter>
    </ClInclude>
    <ClInclude Include="..\..\..\inc\slib\graphics.h">
      <Filter>inc</Filter>
    </ClInclude>
    <ClInclude Include="..\..\..\inc\slib\math.h">
      <Filter>inc</Filter>
    </ClInclude>
    <ClInclude Include="..\..\..\inc\slib\network.h">
      <Filter>inc</Filter>
    </ClInclude>
    <ClInclude Include="..\..\..\inc\slib\render.h">
      <Filter>inc</Filter>
    </ClInclude>
    <ClInclude Include="..\..\..\inc\slib\slib.h">
      <Filter>inc</Filter>
    </ClInclude>
    <ClInclude Include="..\..\..\inc\slib\ui.h">
      <Filter>inc</Filter>
    </ClInclude>
    <ClInclude Include="..\..\..\inc\slib\db\definition.h">
      <Filter>inc\db</Filter>
    </ClInclude>
    <ClInclude Include="..\..\..\inc\slib\db\sqlite.h">
      <Filter>inc\db</Filter>
    </ClInclude>
    <ClInclude Include="..\..\..\inc\slib\graphics\bitmap.h">
      <Filter>inc\graphics</Filter>
    </ClInclude>
    <ClInclude Include="..\..\..\inc\slib\graphics\brush.h">
      <Filter>inc\graphics</Filter>
    </ClInclude>
    <ClInclude Include="..\..\..\inc\slib\graphics\canvas.h">
      <Filter>inc\graphics</Filter>
    </ClInclude>
    <ClInclude Include="..\..\..\inc\slib\graphics\color.h">
      <Filter>inc\graphics</Filter>
    </ClInclude>
    <ClInclude Include="..\..\..\inc\slib\graphics\config.h">
      <Filter>inc\graphics</Filter>
    </ClInclude>
    <ClInclude Include="..\..\..\inc\slib\graphics\constants.h">
      <Filter>inc\graphics</Filter>
    </ClInclude>
    <ClInclude Include="..\..\..\inc\slib\graphics\context.h">
      <Filter>inc\graphics</Filter>
    </ClInclude>
    <ClInclude Include="..\..\..\inc\slib\graphics\definition.h">
      <Filter>inc\graphics</Filter>
    </ClInclude>
    <ClInclude Include="..\..\..\inc\slib\graphics\drawable.h">
      <Filter>inc\graphics</Filter>
    </ClInclude>
    <ClInclude Include="..\..\..\inc\slib\graphics\font.h">
      <Filter>inc\graphics</Filter>
    </ClInclude>
    <ClInclude Include="..\..\..\inc\slib\graphics\freetype.h">
      <Filter>inc\graphics</Filter>
    </ClInclude>
    <ClInclude Include="..\..\..\inc\slib\graphics\image.h">
      <Filter>inc\graphics</Filter>
    </ClInclude>
    <ClInclude Include="..\..\..\inc\slib\graphics\path.h">
      <Filter>inc\graphics</Filter>
    </ClInclude>
    <ClInclude Include="..\..\..\inc\slib\graphics\pen.h">
      <Filter>inc\graphics</Filter>
    </ClInclude>
    <ClInclude Include="..\..\..\inc\slib\graphics\util.h">
      <Filter>inc\graphics</Filter>
    </ClInclude>
    <ClInclude Include="..\..\..\inc\slib\render\base.h">
      <Filter>inc\render</Filter>
    </ClInclude>
    <ClInclude Include="..\..\..\inc\slib\render\definition.h">
      <Filter>inc\render</Filter>
    </ClInclude>
    <ClInclude Include="..\..\..\inc\slib\render\engine.h">
      <Filter>inc\render</Filter>
    </ClInclude>
    <ClInclude Include="..\..\..\inc\slib\render\index_buffer.h">
      <Filter>inc\render</Filter>
    </ClInclude>
    <ClInclude Include="..\..\..\inc\slib\render\opengl.h">
      <Filter>inc\render</Filter>
    </ClInclude>
    <ClInclude Include="..\..\..\inc\slib\render\opengl_entries.h">
      <Filter>inc\render</Filter>
    </ClInclude>
    <ClInclude Include="..\..\..\inc\slib\render\program.h">
      <Filter>inc\render</Filter>
    </ClInclude>
    <ClInclude Include="..\..\..\inc\slib\render\texture.h">
      <Filter>inc\render</Filter>
    </ClInclude>
    <ClInclude Include="..\..\..\inc\slib\render\vertex_buffer.h">
      <Filter>inc\render</Filter>
    </ClInclude>
    <ClInclude Include="..\..\..\inc\slib\ui\web_view.h">
      <Filter>inc\ui</Filter>
    </ClInclude>
    <ClInclude Include="..\..\..\inc\slib\ui\window.h">
      <Filter>inc\ui</Filter>
    </ClInclude>
    <ClInclude Include="..\..\..\inc\slib\ui\button.h">
      <Filter>inc\ui</Filter>
    </ClInclude>
    <ClInclude Include="..\..\..\inc\slib\ui\check_box.h">
      <Filter>inc\ui</Filter>
    </ClInclude>
    <ClInclude Include="..\..\..\inc\slib\ui\constants.h">
      <Filter>inc\ui</Filter>
    </ClInclude>
    <ClInclude Include="..\..\..\inc\slib\ui\core.h">
      <Filter>inc\ui</Filter>
    </ClInclude>
    <ClInclude Include="..\..\..\inc\slib\ui\cursor.h">
      <Filter>inc\ui</Filter>
    </ClInclude>
    <ClInclude Include="..\..\..\inc\slib\ui\definition.h">
      <Filter>inc\ui</Filter>
    </ClInclude>
    <ClInclude Include="..\..\..\inc\slib\ui\edit_view.h">
      <Filter>inc\ui</Filter>
    </ClInclude>
    <ClInclude Include="..\..\..\inc\slib\ui\event.h">
      <Filter>inc\ui</Filter>
    </ClInclude>
    <ClInclude Include="..\..\..\inc\slib\ui\image_view.h">
      <Filter>inc\ui</Filter>
    </ClInclude>
    <ClInclude Include="..\..\..\inc\slib\ui\label_view.h">
      <Filter>inc\ui</Filter>
    </ClInclude>
    <ClInclude Include="..\..\..\inc\slib\ui\platform.h">
      <Filter>inc\ui</Filter>
    </ClInclude>
    <ClInclude Include="..\..\..\inc\slib\ui\radio_button.h">
      <Filter>inc\ui</Filter>
    </ClInclude>
    <ClInclude Include="..\..\..\inc\slib\ui\render_view.h">
      <Filter>inc\ui</Filter>
    </ClInclude>
    <ClInclude Include="..\..\..\inc\slib\ui\screen.h">
      <Filter>inc\ui</Filter>
    </ClInclude>
    <ClInclude Include="..\..\..\inc\slib\ui\scroll_view.h">
      <Filter>inc\ui</Filter>
    </ClInclude>
    <ClInclude Include="..\..\..\inc\slib\ui\tab_view.h">
      <Filter>inc\ui</Filter>
    </ClInclude>
    <ClInclude Include="..\..\..\inc\slib\ui\view.h">
      <Filter>inc\ui</Filter>
    </ClInclude>
    <ClInclude Include="..\..\..\inc\slib\ui\camera_view.h">
      <Filter>inc\ui</Filter>
    </ClInclude>
    <ClInclude Include="..\..\..\src\slib\network\network_async_config.h">
      <Filter>src\slib\network</Filter>
    </ClInclude>
    <ClInclude Include="..\..\..\src\slib\render\opengl_gl.h">
      <Filter>src\slib\render</Filter>
    </ClInclude>
    <ClInclude Include="..\..\..\src\slib\render\opengl_gles.h">
      <Filter>src\slib\render</Filter>
    </ClInclude>
    <ClInclude Include="..\..\..\src\slib\render\opengl_impl.h">
      <Filter>src\slib\render</Filter>
    </ClInclude>
    <ClInclude Include="..\..\..\src\slib\ui\view_win32.h">
      <Filter>src\slib\ui</Filter>
    </ClInclude>
    <ClInclude Include="..\..\..\inc\slib\media\audio_codec.h">
      <Filter>inc\media</Filter>
    </ClInclude>
    <ClInclude Include="..\..\..\inc\slib\media\audio_format.h">
      <Filter>inc\media</Filter>
    </ClInclude>
    <ClInclude Include="..\..\..\inc\slib\media\audio_player.h">
      <Filter>inc\media</Filter>
    </ClInclude>
    <ClInclude Include="..\..\..\inc\slib\media\audio_recorder.h">
      <Filter>inc\media</Filter>
    </ClInclude>
    <ClInclude Include="..\..\..\inc\slib\media\camera.h">
      <Filter>inc\media</Filter>
    </ClInclude>
    <ClInclude Include="..\..\..\inc\slib\media\codec_opus.h">
      <Filter>inc\media</Filter>
    </ClInclude>
    <ClInclude Include="..\..\..\inc\slib\media\codec_vpx.h">
      <Filter>inc\media</Filter>
    </ClInclude>
    <ClInclude Include="..\..\..\inc\slib\media\definition.h">
      <Filter>inc\media</Filter>
    </ClInclude>
    <ClInclude Include="..\..\..\inc\slib\media\dsound.h">
      <Filter>inc\media</Filter>
    </ClInclude>
    <ClInclude Include="..\..\..\inc\slib\media\opensl_es.h">
      <Filter>inc\media</Filter>
    </ClInclude>
    <ClInclude Include="..\..\..\inc\slib\media\video_capture.h">
      <Filter>inc\media</Filter>
    </ClInclude>
    <ClInclude Include="..\..\..\inc\slib\media\video_codec.h">
      <Filter>inc\media</Filter>
    </ClInclude>
    <ClInclude Include="..\..\..\inc\slib\device\definition.h">
      <Filter>inc\device</Filter>
    </ClInclude>
    <ClInclude Include="..\..\..\inc\slib\device\sensor.h">
      <Filter>inc\device</Filter>
    </ClInclude>
    <ClInclude Include="..\..\..\inc\slib\device\vibrator.h">
      <Filter>inc\device</Filter>
    </ClInclude>
    <ClInclude Include="..\..\..\inc\slib\network\capture.h">
      <Filter>inc\network</Filter>
    </ClInclude>
    <ClInclude Include="..\..\..\inc\slib\network\constants.h">
      <Filter>inc\network</Filter>
    </ClInclude>
    <ClInclude Include="..\..\..\inc\slib\network\definition.h">
      <Filter>inc\network</Filter>
    </ClInclude>
    <ClInclude Include="..\..\..\inc\slib\network\dns.h">
      <Filter>inc\network</Filter>
    </ClInclude>
    <ClInclude Include="..\..\..\inc\slib\network\ethernet.h">
      <Filter>inc\network</Filter>
    </ClInclude>
    <ClInclude Include="..\..\..\inc\slib\network\event.h">
      <Filter>inc\network</Filter>
    </ClInclude>
    <ClInclude Include="..\..\..\inc\slib\network\http.h">
      <Filter>inc\network</Filter>
    </ClInclude>
    <ClInclude Include="..\..\..\inc\slib\network\http_client.h">
      <Filter>inc\network</Filter>
    </ClInclude>
    <ClInclude Include="..\..\..\inc\slib\network\http_common.h">
      <Filter>inc\network</Filter>
    </ClInclude>
    <ClInclude Include="..\..\..\inc\slib\network\http_proxy.h">
      <Filter>inc\network</Filter>
    </ClInclude>
    <ClInclude Include="..\..\..\inc\slib\network\http_service.h">
      <Filter>inc\network</Filter>
    </ClInclude>
    <ClInclude Include="..\..\..\inc\slib\network\icmp.h">
      <Filter>inc\network</Filter>
    </ClInclude>
    <ClInclude Include="..\..\..\inc\slib\network\io.h">
      <Filter>inc\network</Filter>
    </ClInclude>
    <ClInclude Include="..\..\..\inc\slib\network\ip_address.h">
      <Filter>inc\network</Filter>
    </ClInclude>
    <ClInclude Include="..\..\..\inc\slib\network\mac_address.h">
      <Filter>inc\network</Filter>
    </ClInclude>
    <ClInclude Include="..\..\..\inc\slib\network\nat.h">
      <Filter>inc\network</Filter>
    </ClInclude>
    <ClInclude Include="..\..\..\inc\slib\network\netfilter.h">
      <Filter>inc\network</Filter>
    </ClInclude>
    <ClInclude Include="..\..\..\inc\slib\network\os.h">
      <Filter>inc\network</Filter>
    </ClInclude>
    <ClInclude Include="..\..\..\inc\slib\network\secure_stream.h">
      <Filter>inc\network</Filter>
    </ClInclude>
    <ClInclude Include="..\..\..\inc\slib\network\socket.h">
      <Filter>inc\network</Filter>
    </ClInclude>
    <ClInclude Include="..\..\..\inc\slib\network\socket_address.h">
      <Filter>inc\network</Filter>
    </ClInclude>
    <ClInclude Include="..\..\..\inc\slib\network\tcpip.h">
      <Filter>inc\network</Filter>
    </ClInclude>
    <ClInclude Include="..\..\..\inc\slib\network\arp.h">
      <Filter>inc\network</Filter>
    </ClInclude>
    <ClInclude Include="..\..\..\inc\slib\network\async.h">
      <Filter>inc\network</Filter>
    </ClInclude>
    <ClInclude Include="..\..\..\inc\slib\media.h">
      <Filter>inc</Filter>
    </ClInclude>
    <ClInclude Include="..\..\..\inc\slib\device.h">
      <Filter>inc</Filter>
    </ClInclude>
    <ClInclude Include="..\..\..\inc\slib\ui\video_view.h">
      <Filter>inc\ui</Filter>
    </ClInclude>
    <ClInclude Include="..\..\..\inc\slib\graphics\bitmap_data.h">
      <Filter>inc\graphics</Filter>
    </ClInclude>
    <ClInclude Include="..\..\..\inc\slib\graphics\bitmap_format.h">
      <Filter>inc\graphics</Filter>
    </ClInclude>
    <ClInclude Include="..\..\..\inc\slib\graphics\yuv.h">
      <Filter>inc\graphics</Filter>
    </ClInclude>
    <ClInclude Include="..\..\..\inc\slib\math\bezier.h">
      <Filter>inc\math</Filter>
    </ClInclude>
    <ClInclude Include="..\..\..\inc\slib\math\bigint.h">
      <Filter>inc\math</Filter>
    </ClInclude>
    <ClInclude Include="..\..\..\inc\slib\math\box.h">
      <Filter>inc\math</Filter>
    </ClInclude>
    <ClInclude Include="..\..\..\inc\slib\math\definition.h">
      <Filter>inc\math</Filter>
    </ClInclude>
    <ClInclude Include="..\..\..\inc\slib\math\int128.h">
      <Filter>inc\math</Filter>
    </ClInclude>
    <ClInclude Include="..\..\..\inc\slib\math\line.h">
      <Filter>inc\math</Filter>
    </ClInclude>
    <ClInclude Include="..\..\..\inc\slib\math\line_segment.h">
      <Filter>inc\math</Filter>
    </ClInclude>
    <ClInclude Include="..\..\..\inc\slib\math\line3.h">
      <Filter>inc\math</Filter>
    </ClInclude>
    <ClInclude Include="..\..\..\inc\slib\math\matrix2.h">
      <Filter>inc\math</Filter>
    </ClInclude>
    <ClInclude Include="..\..\..\inc\slib\math\matrix3.h">
      <Filter>inc\math</Filter>
    </ClInclude>
    <ClInclude Include="..\..\..\inc\slib\math\matrix4.h">
      <Filter>inc\math</Filter>
    </ClInclude>
    <ClInclude Include="..\..\..\inc\slib\math\plane.h">
      <Filter>inc\math</Filter>
    </ClInclude>
    <ClInclude Include="..\..\..\inc\slib\math\point.h">
      <Filter>inc\math</Filter>
    </ClInclude>
    <ClInclude Include="..\..\..\inc\slib\math\quaternion.h">
      <Filter>inc\math</Filter>
    </ClInclude>
    <ClInclude Include="..\..\..\inc\slib\math\rectangle.h">
      <Filter>inc\math</Filter>
    </ClInclude>
    <ClInclude Include="..\..\..\inc\slib\math\size.h">
      <Filter>inc\math</Filter>
    </ClInclude>
    <ClInclude Include="..\..\..\inc\slib\math\sphere.h">
      <Filter>inc\math</Filter>
    </ClInclude>
    <ClInclude Include="..\..\..\inc\slib\math\transform2d.h">
      <Filter>inc\math</Filter>
    </ClInclude>
    <ClInclude Include="..\..\..\inc\slib\math\transform3d.h">
      <Filter>inc\math</Filter>
    </ClInclude>
    <ClInclude Include="..\..\..\inc\slib\math\triangle.h">
      <Filter>inc\math</Filter>
    </ClInclude>
    <ClInclude Include="..\..\..\inc\slib\math\triangle3.h">
      <Filter>inc\math</Filter>
    </ClInclude>
    <ClInclude Include="..\..\..\inc\slib\math\vector2.h">
      <Filter>inc\math</Filter>
    </ClInclude>
    <ClInclude Include="..\..\..\inc\slib\math\vector3.h">
      <Filter>inc\math</Filter>
    </ClInclude>
    <ClInclude Include="..\..\..\inc\slib\math\vector4.h">
      <Filter>inc\math</Filter>
    </ClInclude>
    <ClInclude Include="..\..\..\inc\slib\math\view_frustum.h">
      <Filter>inc\math</Filter>
    </ClInclude>
    <ClInclude Include="..\..\..\inc\slib\media\avfoundation.h">
      <Filter>inc\media</Filter>
    </ClInclude>
    <ClInclude Include="..\..\..\inc\slib\media\dshow.h">
      <Filter>inc\media</Filter>
    </ClInclude>
    <ClInclude Include="..\..\..\inc\slib\db\mysql.h">
      <Filter>inc\db</Filter>
    </ClInclude>
    <ClInclude Include="..\..\..\inc\slib\db\database.h">
      <Filter>inc\db</Filter>
    </ClInclude>
    <ClInclude Include="..\..\..\inc\slib\media\audio_data.h">
      <Filter>inc\media</Filter>
    </ClInclude>
    <ClInclude Include="..\..\..\inc\slib\media\video_frame.h">
      <Filter>inc\media</Filter>
    </ClInclude>
    <ClInclude Include="..\..\..\inc\slib\network\datagram.h">
      <Filter>inc\network</Filter>
    </ClInclude>
    <ClInclude Include="..\..\..\inc\slib\ui\menu.h">
      <Filter>inc\ui</Filter>
    </ClInclude>
    <ClInclude Include="..\..\..\src\slib\ui\ui_core_win32.h">
      <Filter>src\slib\ui</Filter>
    </ClInclude>
    <ClInclude Include="..\..\..\inc\slib\ui\common_dialogs.h">
      <Filter>inc\ui</Filter>
    </ClInclude>
    <ClInclude Include="..\..\..\inc\slib\ui\scroll_bar.h">
      <Filter>inc\ui</Filter>
    </ClInclude>
    <ClInclude Include="..\..\..\inc\slib\ui\tree_view.h">
      <Filter>inc\ui</Filter>
    </ClInclude>
    <ClInclude Include="..\..\..\inc\slib\ui\app.h">
      <Filter>inc\ui</Filter>
    </ClInclude>
    <ClInclude Include="..\..\..\inc\slib\ui\mobile_app.h">
      <Filter>inc\ui</Filter>
    </ClInclude>
    <ClInclude Include="..\..\..\inc\slib\ui\mobile_game.h">
      <Filter>inc\ui</Filter>
    </ClInclude>
    <ClInclude Include="..\..\..\inc\slib\resource.h">
      <Filter>inc</Filter>
    </ClInclude>
    <ClInclude Include="..\..\..\inc\slib\graphics\resource.h">
      <Filter>inc\graphics</Filter>
    </ClInclude>
    <ClInclude Include="..\..\..\inc\slib\render\resource.h">
      <Filter>inc\render</Filter>
    </ClInclude>
    <ClInclude Include="..\..\..\inc\slib\ui\resource.h">
      <Filter>inc\ui</Filter>
    </ClInclude>
    <ClInclude Include="..\..\..\inc\slib\ui\linear_view.h">
      <Filter>inc\ui</Filter>
    </ClInclude>
    <ClInclude Include="..\..\..\inc\slib\ui\list_view.h">
      <Filter>inc\ui</Filter>
    </ClInclude>
    <ClInclude Include="..\..\..\inc\slib\ui\list_report_view.h">
      <Filter>inc\ui</Filter>
    </ClInclude>
    <ClInclude Include="..\..\..\inc\slib\ui\select_view.h">
      <Filter>inc\ui</Filter>
    </ClInclude>
    <ClInclude Include="..\..\..\inc\slib\ui\split_view.h">
      <Filter>inc\ui</Filter>
    </ClInclude>
    <ClInclude Include="..\..\..\inc\slib\ui\progress_bar.h">
      <Filter>inc\ui</Filter>
    </ClInclude>
    <ClInclude Include="..\..\..\inc\slib\ui\view_page.h">
      <Filter>inc\ui</Filter>
    </ClInclude>
    <ClInclude Include="..\..\..\inc\slib\ui\slider.h">
      <Filter>inc\ui</Filter>
    </ClInclude>
    <ClInclude Include="..\..\..\inc\slib\graphics\platform.h">
      <Filter>inc\graphics</Filter>
    </ClInclude>
    <ClInclude Include="..\..\..\inc\slib\ui\transition.h">
      <Filter>inc\ui</Filter>
    </ClInclude>
    <ClInclude Include="..\..\..\inc\slib\render\canvas.h">
      <Filter>inc\render</Filter>
    </ClInclude>
    <ClInclude Include="..\..\..\src\slib\graphics\image_stb.h">
      <Filter>src\slib\graphics</Filter>
    </ClInclude>
    <ClInclude Include="..\..\..\inc\slib\graphics\font_atlas.h">
      <Filter>inc\graphics</Filter>
    </ClInclude>
    <ClInclude Include="..\..\..\inc\slib\render\opengl_egl.h">
      <Filter>inc\render</Filter>
    </ClInclude>
    <ClInclude Include="..\..\..\inc\slib\render\opengl_engine.h">
      <Filter>inc\render</Filter>
    </ClInclude>
    <ClInclude Include="..\..\..\inc\slib\render\opengl_wgl.h">
      <Filter>inc\render</Filter>
    </ClInclude>
    <ClInclude Include="..\..\..\src\slib\render\opengl_egl_entries.h">
      <Filter>src\slib\render</Filter>
    </ClInclude>
    <ClInclude Include="..\..\..\inc\slib\network\url.h">
      <Filter>inc\network</Filter>
    </ClInclude>
    <ClInclude Include="..\..\..\inc\slib\network\url_request.h">
      <Filter>inc\network</Filter>
    </ClInclude>
    <ClInclude Include="..\..\..\inc\slib\map.h">
      <Filter>inc</Filter>
    </ClInclude>
    <ClInclude Include="..\..\..\inc\slib\map\geo_rectangle.h">
      <Filter>inc\map</Filter>
    </ClInclude>
    <ClInclude Include="..\..\..\inc\slib\map\globe.h">
      <Filter>inc\map</Filter>
    </ClInclude>
    <ClInclude Include="..\..\..\inc\slib\map\latlon.h">
      <Filter>inc\map</Filter>
    </ClInclude>
    <ClInclude Include="..\..\..\inc\slib\map\definition.h">
      <Filter>inc\map</Filter>
    </ClInclude>
    <ClInclude Include="..\..\..\inc\slib\map\earth.h">
      <Filter>inc\map</Filter>
    </ClInclude>
    <ClInclude Include="..\..\..\inc\slib\map\geo_line.h">
      <Filter>inc\map</Filter>
    </ClInclude>
    <ClInclude Include="..\..\..\inc\slib\map\geo_location.h">
      <Filter>inc\map</Filter>
    </ClInclude>
    <ClInclude Include="resource.h" />
    <ClInclude Include="..\..\..\inc\slib\core\spin_lock.h">
      <Filter>inc\core</Filter>
    </ClInclude>
    <ClInclude Include="..\..\..\inc\slib\core\string.h">
      <Filter>inc\core</Filter>
    </ClInclude>
    <ClInclude Include="..\..\..\inc\slib\core\system.h">
      <Filter>inc\core</Filter>
    </ClInclude>
    <ClInclude Include="..\..\..\inc\slib\core\thread.h">
      <Filter>inc\core</Filter>
    </ClInclude>
    <ClInclude Include="..\..\..\inc\slib\core\thread_pool.h">
      <Filter>inc\core</Filter>
    </ClInclude>
    <ClInclude Include="..\..\..\inc\slib\core\time.h">
      <Filter>inc\core</Filter>
    </ClInclude>
    <ClInclude Include="..\..\..\inc\slib\core\tree.h">
      <Filter>inc\core</Filter>
    </ClInclude>
    <ClInclude Include="..\..\..\inc\slib\core\tuple.h">
      <Filter>inc\core</Filter>
    </ClInclude>
    <ClInclude Include="..\..\..\inc\slib\core\variant.h">
      <Filter>inc\core</Filter>
    </ClInclude>
    <ClInclude Include="..\..\..\inc\slib\core\win32_com.h">
      <Filter>inc\core</Filter>
    </ClInclude>
    <ClInclude Include="..\..\..\inc\slib\core\xml.h">
      <Filter>inc\core</Filter>
    </ClInclude>
    <ClInclude Include="..\..\..\inc\slib\core\animation.h">
      <Filter>inc\core</Filter>
    </ClInclude>
    <ClInclude Include="..\..\..\inc\slib\core\app.h">
      <Filter>inc\core</Filter>
    </ClInclude>
    <ClInclude Include="..\..\..\inc\slib\core\array.h">
      <Filter>inc\core</Filter>
    </ClInclude>
    <ClInclude Include="..\..\..\inc\slib\core\array2d.h">
      <Filter>inc\core</Filter>
    </ClInclude>
    <ClInclude Include="..\..\..\inc\slib\core\asset.h">
      <Filter>inc\core</Filter>
    </ClInclude>
    <ClInclude Include="..\..\..\inc\slib\core\async.h">
      <Filter>inc\core</Filter>
    </ClInclude>
    <ClInclude Include="..\..\..\inc\slib\core\atomic.h">
      <Filter>inc\core</Filter>
    </ClInclude>
    <ClInclude Include="..\..\..\inc\slib\core\base.h">
      <Filter>inc\core</Filter>
    </ClInclude>
    <ClInclude Include="..\..\..\inc\slib\core\base64.h">
      <Filter>inc\core</Filter>
    </ClInclude>
    <ClInclude Include="..\..\..\inc\slib\core\charset.h">
      <Filter>inc\core</Filter>
    </ClInclude>
    <ClInclude Include="..\..\..\inc\slib\core\compare.h">
      <Filter>inc\core</Filter>
    </ClInclude>
    <ClInclude Include="..\..\..\inc\slib\core\constants.h">
      <Filter>inc\core</Filter>
    </ClInclude>
    <ClInclude Include="..\..\..\inc\slib\core\content_type.h">
      <Filter>inc\core</Filter>
    </ClInclude>
    <ClInclude Include="..\..\..\inc\slib\core\cpp.h">
      <Filter>inc\core</Filter>
    </ClInclude>
    <ClInclude Include="..\..\..\inc\slib\core\definition.h">
      <Filter>inc\core</Filter>
    </ClInclude>
    <ClInclude Include="..\..\..\inc\slib\core\endian.h">
      <Filter>inc\core</Filter>
    </ClInclude>
    <ClInclude Include="..\..\..\inc\slib\core\event.h">
      <Filter>inc\core</Filter>
    </ClInclude>
    <ClInclude Include="..\..\..\inc\slib\core\expire.h">
      <Filter>inc\core</Filter>
    </ClInclude>
    <ClInclude Include="..\..\..\inc\slib\core\file.h">
      <Filter>inc\core</Filter>
    </ClInclude>
    <ClInclude Include="..\..\..\inc\slib\core\function.h">
      <Filter>inc\core</Filter>
    </ClInclude>
    <ClInclude Include="..\..\..\inc\slib\core\hash.h">
      <Filter>inc\core</Filter>
    </ClInclude>
    <ClInclude Include="..\..\..\inc\slib\core\hashtable.h">
      <Filter>inc\core</Filter>
    </ClInclude>
    <ClInclude Include="..\..\..\inc\slib\core\interpolation.h">
      <Filter>inc\core</Filter>
    </ClInclude>
    <ClInclude Include="..\..\..\inc\slib\core\io.h">
      <Filter>inc\core</Filter>
    </ClInclude>
    <ClInclude Include="..\..\..\inc\slib\core\iterator.h">
      <Filter>inc\core</Filter>
    </ClInclude>
    <ClInclude Include="..\..\..\inc\slib\core\java.h">
      <Filter>inc\core</Filter>
    </ClInclude>
    <ClInclude Include="..\..\..\inc\slib\core\json.h">
      <Filter>inc\core</Filter>
    </ClInclude>
    <ClInclude Include="..\..\..\inc\slib\core\linked_object.h">
      <Filter>inc\core</Filter>
    </ClInclude>
    <ClInclude Include="..\..\..\inc\slib\core\list.h">
      <Filter>inc\core</Filter>
    </ClInclude>
    <ClInclude Include="..\..\..\inc\slib\core\locale.h">
      <Filter>inc\core</Filter>
    </ClInclude>
    <ClInclude Include="..\..\..\inc\slib\core\log.h">
      <Filter>inc\core</Filter>
    </ClInclude>
    <ClInclude Include="..\..\..\inc\slib\core\macro.h">
      <Filter>inc\core</Filter>
    </ClInclude>
    <ClInclude Include="..\..\..\inc\slib\core\map.h">
      <Filter>inc\core</Filter>
    </ClInclude>
    <ClInclude Include="..\..\..\inc\slib\core\math.h">
      <Filter>inc\core</Filter>
    </ClInclude>
    <ClInclude Include="..\..\..\inc\slib\core\memory.h">
      <Filter>inc\core</Filter>
    </ClInclude>
    <ClInclude Include="..\..\..\inc\slib\core\mio.h">
      <Filter>inc\core</Filter>
    </ClInclude>
    <ClInclude Include="..\..\..\inc\slib\core\mutex.h">
      <Filter>inc\core</Filter>
    </ClInclude>
    <ClInclude Include="..\..\..\inc\slib\core\object.h">
      <Filter>inc\core</Filter>
    </ClInclude>
    <ClInclude Include="..\..\..\inc\slib\core\option.h">
      <Filter>inc\core</Filter>
    </ClInclude>
    <ClInclude Include="..\..\..\inc\slib\core\parse.h">
      <Filter>inc\core</Filter>
    </ClInclude>
    <ClInclude Include="..\..\..\inc\slib\core\pipe.h">
      <Filter>inc\core</Filter>
    </ClInclude>
    <ClInclude Include="..\..\..\inc\slib\core\platform_android.h">
      <Filter>inc\core</Filter>
    </ClInclude>
    <ClInclude Include="..\..\..\inc\slib\core\platform_apple.h">
      <Filter>inc\core</Filter>
    </ClInclude>
    <ClInclude Include="..\..\..\inc\slib\core\platform_windows.h">
      <Filter>inc\core</Filter>
    </ClInclude>
    <ClInclude Include="..\..\..\inc\slib\core\queue.h">
      <Filter>inc\core</Filter>
    </ClInclude>
    <ClInclude Include="..\..\..\inc\slib\core\queue_channel.h">
      <Filter>inc\core</Filter>
    </ClInclude>
    <ClInclude Include="..\..\..\inc\slib\core\resource.h">
      <Filter>inc\core</Filter>
    </ClInclude>
    <ClInclude Include="..\..\..\inc\slib\core\safe_static.h">
      <Filter>inc\core</Filter>
    </ClInclude>
    <ClInclude Include="..\..\..\inc\slib\core\search.h">
      <Filter>inc\core</Filter>
    </ClInclude>
    <ClInclude Include="..\..\..\inc\slib\core\service.h">
      <Filter>inc\core</Filter>
    </ClInclude>
    <ClInclude Include="..\..\..\inc\slib\core\setting.h">
      <Filter>inc\core</Filter>
    </ClInclude>
    <ClInclude Include="..\..\..\inc\slib\core\sort.h">
      <Filter>inc\core</Filter>
    </ClInclude>
    <ClInclude Include="..\..\..\inc\slib\core\ref.h">
      <Filter>inc\core</Filter>
    </ClInclude>
    <ClInclude Include="..\..\..\inc\slib\core\scoped.h">
      <Filter>inc\core</Filter>
    </ClInclude>
    <ClInclude Include="..\..\..\inc\slib\core\ptr.h">
      <Filter>inc\core</Filter>
    </ClInclude>
    <ClInclude Include="..\..\..\inc\slib\core\ref_wrapper.h">
      <Filter>inc\core</Filter>
    </ClInclude>
    <ClInclude Include="..\..\..\inc\slib\core\singleton.h">
      <Filter>inc\core</Filter>
    </ClInclude>
    <ClInclude Include="..\..\..\inc\slib\core\linked_list.h">
      <Filter>inc\core</Filter>
    </ClInclude>
    <ClInclude Include="..\..\..\inc\slib\core\deque.h">
      <Filter>inc\core</Filter>
    </ClInclude>
    <ClInclude Include="..\..\..\src\slib\ui\ui_core_common.h">
      <Filter>src\slib\ui</Filter>
    </ClInclude>
    <ClInclude Include="..\..\..\inc\slib\core\dispatch.h">
      <Filter>inc\core</Filter>
    </ClInclude>
    <ClInclude Include="..\..\..\inc\slib\ui\animation.h">
      <Filter>inc\ui</Filter>
    </ClInclude>
    <ClInclude Include="..\..\..\src\slib\ui\ui_animation.h">
      <Filter>src\slib\ui</Filter>
    </ClInclude>
    <ClInclude Include="..\..\..\inc\slib\core\new_helper.h">
      <Filter>inc\core</Filter>
    </ClInclude>
  </ItemGroup>
  <ItemGroup>
    <ClCompile Include="..\..\..\src\slib\core\io.cpp">
      <Filter>src\slib\core</Filter>
    </ClCompile>
    <ClCompile Include="..\..\..\src\slib\core\json.cpp">
      <Filter>src\slib\core</Filter>
    </ClCompile>
    <ClCompile Include="..\..\..\src\slib\core\log.cpp">
      <Filter>src\slib\core</Filter>
    </ClCompile>
    <ClCompile Include="..\..\..\src\slib\core\memory.cpp">
      <Filter>src\slib\core</Filter>
    </ClCompile>
    <ClCompile Include="..\..\..\src\slib\core\mutex.cpp">
      <Filter>src\slib\core</Filter>
    </ClCompile>
    <ClCompile Include="..\..\..\src\slib\core\service.cpp">
      <Filter>src\slib\core</Filter>
    </ClCompile>
    <ClCompile Include="..\..\..\src\slib\core\setting.cpp">
      <Filter>src\slib\core</Filter>
    </ClCompile>
    <ClCompile Include="..\..\..\src\slib\core\string.cpp">
      <Filter>src\slib\core</Filter>
    </ClCompile>
    <ClCompile Include="..\..\..\src\slib\core\system.cpp">
      <Filter>src\slib\core</Filter>
    </ClCompile>
    <ClCompile Include="..\..\..\src\slib\core\thread.cpp">
      <Filter>src\slib\core</Filter>
    </ClCompile>
    <ClCompile Include="..\..\..\src\slib\core\time.cpp">
      <Filter>src\slib\core</Filter>
    </ClCompile>
    <ClCompile Include="..\..\..\src\slib\core\variant.cpp">
      <Filter>src\slib\core</Filter>
    </ClCompile>
    <ClCompile Include="..\..\..\src\slib\core\app.cpp">
      <Filter>src\slib\core</Filter>
    </ClCompile>
    <ClCompile Include="..\..\..\src\slib\core\base.cpp">
      <Filter>src\slib\core</Filter>
    </ClCompile>
    <ClCompile Include="..\..\..\src\slib\core\base64.cpp">
      <Filter>src\slib\core</Filter>
    </ClCompile>
    <ClCompile Include="..\..\..\src\slib\core\event.cpp">
      <Filter>src\slib\core</Filter>
    </ClCompile>
    <ClCompile Include="..\..\..\src\slib\core\file.cpp">
      <Filter>src\slib\core</Filter>
    </ClCompile>
    <ClCompile Include="..\..\..\src\slib\core\file_win32.cpp">
      <Filter>src\slib\core</Filter>
    </ClCompile>
    <ClCompile Include="..\..\..\src\thirdparty\thirdparty_freetype.c">
      <Filter>src\thirdparty</Filter>
    </ClCompile>
    <ClCompile Include="..\..\..\src\thirdparty\thirdparty_libjpeg.c">
      <Filter>src\thirdparty</Filter>
    </ClCompile>
    <ClCompile Include="..\..\..\src\thirdparty\thirdparty_libopus.c">
      <Filter>src\thirdparty</Filter>
    </ClCompile>
    <ClCompile Include="..\..\..\src\thirdparty\thirdparty_libpng.c">
      <Filter>src\thirdparty</Filter>
    </ClCompile>
    <ClCompile Include="..\..\..\src\thirdparty\thirdparty_sqlite3.c">
      <Filter>src\thirdparty</Filter>
    </ClCompile>
    <ClCompile Include="..\..\..\src\thirdparty\thirdparty_zlib.c">
      <Filter>src\thirdparty</Filter>
    </ClCompile>
    <ClCompile Include="..\..\..\src\slib\core\async.cpp">
      <Filter>src\slib\core</Filter>
    </ClCompile>
    <ClCompile Include="..\..\..\src\slib\core\async_iocp.cpp">
      <Filter>src\slib\core</Filter>
    </ClCompile>
    <ClCompile Include="..\..\..\src\slib\core\async_win32.cpp">
      <Filter>src\slib\core</Filter>
    </ClCompile>
    <ClCompile Include="..\..\..\src\thirdparty\thirdparty_libvpx.c">
      <Filter>src\thirdparty</Filter>
    </ClCompile>
    <ClCompile Include="..\..\..\src\thirdparty\thirdparty_libvpx_dec.c">
      <Filter>src\thirdparty</Filter>
    </ClCompile>
    <ClCompile Include="..\..\..\src\thirdparty\thirdparty_libvpx_enc.c">
      <Filter>src\thirdparty</Filter>
    </ClCompile>
    <ClCompile Include="..\..\..\src\slib\core\pipe.cpp">
      <Filter>src\slib\core</Filter>
    </ClCompile>
    <ClCompile Include="..\..\..\src\slib\core\pipe_win32.cpp">
      <Filter>src\slib\core</Filter>
    </ClCompile>
    <ClCompile Include="..\..\..\src\slib\core\thread_win32.cpp">
      <Filter>src\slib\core</Filter>
    </ClCompile>
    <ClCompile Include="..\..\..\src\slib\core\java.cpp">
      <Filter>src\slib\core</Filter>
    </ClCompile>
    <ClCompile Include="..\..\..\src\slib\core\content_type.cpp">
      <Filter>src\slib\core</Filter>
    </ClCompile>
    <ClCompile Include="..\..\..\src\slib\core\math.cpp">
      <Filter>src\slib\core</Filter>
    </ClCompile>
    <ClCompile Include="..\..\..\src\slib\core\thread_pool.cpp">
      <Filter>src\slib\core</Filter>
    </ClCompile>
    <ClCompile Include="..\..\..\src\slib\core\platform_windows.cpp">
      <Filter>src\slib\core</Filter>
    </ClCompile>
    <ClCompile Include="..\..\..\src\slib\core\win32_com.cpp">
      <Filter>src\slib\core</Filter>
    </ClCompile>
    <ClCompile Include="..\..\..\src\slib\core\event_win32.cpp">
      <Filter>src\slib\core</Filter>
    </ClCompile>
    <ClCompile Include="..\..\..\src\slib\core\system_win32.cpp">
      <Filter>src\slib\core</Filter>
    </ClCompile>
    <ClCompile Include="..\..\..\src\slib\media\audio_recorder_win32.cpp">
      <Filter>src\slib\media</Filter>
    </ClCompile>
    <ClCompile Include="..\..\..\src\slib\media\camera.cpp">
      <Filter>src\slib\media</Filter>
    </ClCompile>
    <ClCompile Include="..\..\..\src\slib\media\codec_opus.cpp">
      <Filter>src\slib\media</Filter>
    </ClCompile>
    <ClCompile Include="..\..\..\src\slib\media\video_capture.cpp">
      <Filter>src\slib\media</Filter>
    </ClCompile>
    <ClCompile Include="..\..\..\src\slib\media\video_codec.cpp">
      <Filter>src\slib\media</Filter>
    </ClCompile>
    <ClCompile Include="..\..\..\src\slib\media\audio_codec.cpp">
      <Filter>src\slib\media</Filter>
    </ClCompile>
    <ClCompile Include="..\..\..\src\slib\media\audio_format.cpp">
      <Filter>src\slib\media</Filter>
    </ClCompile>
    <ClCompile Include="..\..\..\src\slib\media\audio_player.cpp">
      <Filter>src\slib\media</Filter>
    </ClCompile>
    <ClCompile Include="..\..\..\src\slib\media\audio_player_dsound.cpp">
      <Filter>src\slib\media</Filter>
    </ClCompile>
    <ClCompile Include="..\..\..\src\slib\media\audio_player_opensl_es.cpp">
      <Filter>src\slib\media</Filter>
    </ClCompile>
    <ClCompile Include="..\..\..\src\slib\media\audio_player_win32.cpp">
      <Filter>src\slib\media</Filter>
    </ClCompile>
    <ClCompile Include="..\..\..\src\slib\media\audio_recorder.cpp">
      <Filter>src\slib\media</Filter>
    </ClCompile>
    <ClCompile Include="..\..\..\src\slib\media\audio_recorder_dsound.cpp">
      <Filter>src\slib\media</Filter>
    </ClCompile>
    <ClCompile Include="..\..\..\src\slib\media\audio_recorder_opensl_es.cpp">
      <Filter>src\slib\media</Filter>
    </ClCompile>
    <ClCompile Include="..\..\..\src\slib\crypto\aes.cpp">
      <Filter>src\slib\crypto</Filter>
    </ClCompile>
    <ClCompile Include="..\..\..\src\slib\crypto\compress_zlib.cpp">
      <Filter>src\slib\crypto</Filter>
    </ClCompile>
    <ClCompile Include="..\..\..\src\slib\crypto\crypto_hash.cpp">
      <Filter>src\slib\crypto</Filter>
    </ClCompile>
    <ClCompile Include="..\..\..\src\slib\crypto\crypto_secure_stream.cpp">
      <Filter>src\slib\crypto</Filter>
    </ClCompile>
    <ClCompile Include="..\..\..\src\slib\crypto\gcm.cpp">
      <Filter>src\slib\crypto</Filter>
    </ClCompile>
    <ClCompile Include="..\..\..\src\slib\crypto\md5.cpp">
      <Filter>src\slib\crypto</Filter>
    </ClCompile>
    <ClCompile Include="..\..\..\src\slib\crypto\rsa.cpp">
      <Filter>src\slib\crypto</Filter>
    </ClCompile>
    <ClCompile Include="..\..\..\src\slib\crypto\sha1.cpp">
      <Filter>src\slib\crypto</Filter>
    </ClCompile>
    <ClCompile Include="..\..\..\src\slib\crypto\sha2.cpp">
      <Filter>src\slib\crypto</Filter>
    </ClCompile>
    <ClCompile Include="..\..\..\src\slib\graphics\drawable.cpp">
      <Filter>src\slib\graphics</Filter>
    </ClCompile>
    <ClCompile Include="..\..\..\src\slib\graphics\font.cpp">
      <Filter>src\slib\graphics</Filter>
    </ClCompile>
    <ClCompile Include="..\..\..\src\slib\graphics\font_freetype.cpp">
      <Filter>src\slib\graphics</Filter>
    </ClCompile>
    <ClCompile Include="..\..\..\src\slib\graphics\graphics_path.cpp">
      <Filter>src\slib\graphics</Filter>
    </ClCompile>
    <ClCompile Include="..\..\..\src\slib\graphics\graphics_util.cpp">
      <Filter>src\slib\graphics</Filter>
    </ClCompile>
    <ClCompile Include="..\..\..\src\slib\graphics\image.cpp">
      <Filter>src\slib\graphics</Filter>
    </ClCompile>
    <ClCompile Include="..\..\..\src\slib\graphics\image_jpeg.cpp">
      <Filter>src\slib\graphics</Filter>
    </ClCompile>
    <ClCompile Include="..\..\..\src\slib\graphics\image_png.cpp">
      <Filter>src\slib\graphics</Filter>
    </ClCompile>
    <ClCompile Include="..\..\..\src\slib\graphics\pen.cpp">
      <Filter>src\slib\graphics</Filter>
    </ClCompile>
    <ClCompile Include="..\..\..\src\slib\graphics\bitmap.cpp">
      <Filter>src\slib\graphics</Filter>
    </ClCompile>
    <ClCompile Include="..\..\..\src\slib\graphics\brush.cpp">
      <Filter>src\slib\graphics</Filter>
    </ClCompile>
    <ClCompile Include="..\..\..\src\slib\graphics\canvas.cpp">
      <Filter>src\slib\graphics</Filter>
    </ClCompile>
    <ClCompile Include="..\..\..\src\slib\graphics\color.cpp">
      <Filter>src\slib\graphics</Filter>
    </ClCompile>
    <ClCompile Include="..\..\..\src\slib\math\bigint.cpp">
      <Filter>src\slib\math</Filter>
    </ClCompile>
    <ClCompile Include="..\..\..\src\slib\math\int128.cpp">
      <Filter>src\slib\math</Filter>
    </ClCompile>
    <ClCompile Include="..\..\..\src\slib\device\sensor.cpp">
      <Filter>src\slib\device</Filter>
    </ClCompile>
    <ClCompile Include="..\..\..\src\slib\device\vibrator.cpp">
      <Filter>src\slib\device</Filter>
    </ClCompile>
    <ClCompile Include="..\..\..\src\slib\network\http_client.cpp">
      <Filter>src\slib\network</Filter>
    </ClCompile>
    <ClCompile Include="..\..\..\src\slib\network\http_common.cpp">
      <Filter>src\slib\network</Filter>
    </ClCompile>
    <ClCompile Include="..\..\..\src\slib\network\http_proxy.cpp">
      <Filter>src\slib\network</Filter>
    </ClCompile>
    <ClCompile Include="..\..\..\src\slib\network\http_service.cpp">
      <Filter>src\slib\network</Filter>
    </ClCompile>
    <ClCompile Include="..\..\..\src\slib\network\icmp.cpp">
      <Filter>src\slib\network</Filter>
    </ClCompile>
    <ClCompile Include="..\..\..\src\slib\network\ip_address.cpp">
      <Filter>src\slib\network</Filter>
    </ClCompile>
    <ClCompile Include="..\..\..\src\slib\network\mac_address.cpp">
      <Filter>src\slib\network</Filter>
    </ClCompile>
    <ClCompile Include="..\..\..\src\slib\network\nat.cpp">
      <Filter>src\slib\network</Filter>
    </ClCompile>
    <ClCompile Include="..\..\..\src\slib\network\net_capture.cpp">
      <Filter>src\slib\network</Filter>
    </ClCompile>
    <ClCompile Include="..\..\..\src\slib\network\net_capture_pcap.cpp">
      <Filter>src\slib\network</Filter>
    </ClCompile>
    <ClCompile Include="..\..\..\src\slib\network\netfilter.cpp">
      <Filter>src\slib\network</Filter>
    </ClCompile>
    <ClCompile Include="..\..\..\src\slib\network\network_async.cpp">
      <Filter>src\slib\network</Filter>
    </ClCompile>
    <ClCompile Include="..\..\..\src\slib\network\network_async_win32.cpp">
      <Filter>src\slib\network</Filter>
    </ClCompile>
    <ClCompile Include="..\..\..\src\slib\network\network_io.cpp">
      <Filter>src\slib\network</Filter>
    </ClCompile>
    <ClCompile Include="..\..\..\src\slib\network\network_os.cpp">
      <Filter>src\slib\network</Filter>
    </ClCompile>
    <ClCompile Include="..\..\..\src\slib\network\network_secure_stream.cpp">
      <Filter>src\slib\network</Filter>
    </ClCompile>
    <ClCompile Include="..\..\..\src\slib\network\socket.cpp">
      <Filter>src\slib\network</Filter>
    </ClCompile>
    <ClCompile Include="..\..\..\src\slib\network\socket_address.cpp">
      <Filter>src\slib\network</Filter>
    </ClCompile>
    <ClCompile Include="..\..\..\src\slib\network\socket_event.cpp">
      <Filter>src\slib\network</Filter>
    </ClCompile>
    <ClCompile Include="..\..\..\src\slib\network\socket_event_win32.cpp">
      <Filter>src\slib\network</Filter>
    </ClCompile>
    <ClCompile Include="..\..\..\src\slib\network\tcpip.cpp">
      <Filter>src\slib\network</Filter>
    </ClCompile>
    <ClCompile Include="..\..\..\src\slib\network\dns.cpp">
      <Filter>src\slib\network</Filter>
    </ClCompile>
    <ClCompile Include="..\..\..\src\slib\network\ethernet.cpp">
      <Filter>src\slib\network</Filter>
    </ClCompile>
    <ClCompile Include="..\..\..\src\slib\render\opengl_egl.cpp">
      <Filter>src\slib\render</Filter>
    </ClCompile>
    <ClCompile Include="..\..\..\src\slib\render\opengl_gl.cpp">
      <Filter>src\slib\render</Filter>
    </ClCompile>
    <ClCompile Include="..\..\..\src\slib\render\opengl_gles.cpp">
      <Filter>src\slib\render</Filter>
    </ClCompile>
    <ClCompile Include="..\..\..\src\slib\render\opengl_wgl.cpp">
      <Filter>src\slib\render</Filter>
    </ClCompile>
    <ClCompile Include="..\..\..\src\slib\render\render_base.cpp">
      <Filter>src\slib\render</Filter>
    </ClCompile>
    <ClCompile Include="..\..\..\src\slib\render\render_engine.cpp">
      <Filter>src\slib\render</Filter>
    </ClCompile>
    <ClCompile Include="..\..\..\src\slib\render\render_program.cpp">
      <Filter>src\slib\render</Filter>
    </ClCompile>
    <ClCompile Include="..\..\..\src\slib\render\texture.cpp">
      <Filter>src\slib\render</Filter>
    </ClCompile>
    <ClCompile Include="..\..\..\src\slib\render\vertex_buffer.cpp">
      <Filter>src\slib\render</Filter>
    </ClCompile>
    <ClCompile Include="..\..\..\src\slib\render\index_buffer.cpp">
      <Filter>src\slib\render</Filter>
    </ClCompile>
    <ClCompile Include="..\..\..\src\slib\ui\view_win32.cpp">
      <Filter>src\slib\ui</Filter>
    </ClCompile>
    <ClCompile Include="..\..\..\src\slib\ui\web_view.cpp">
      <Filter>src\slib\ui</Filter>
    </ClCompile>
    <ClCompile Include="..\..\..\src\slib\ui\web_view_win32.cpp">
      <Filter>src\slib\ui</Filter>
    </ClCompile>
    <ClCompile Include="..\..\..\src\slib\ui\window.cpp">
      <Filter>src\slib\ui</Filter>
    </ClCompile>
    <ClCompile Include="..\..\..\src\slib\ui\window_win32.cpp">
      <Filter>src\slib\ui</Filter>
    </ClCompile>
    <ClCompile Include="..\..\..\src\slib\ui\button.cpp">
      <Filter>src\slib\ui</Filter>
    </ClCompile>
    <ClCompile Include="..\..\..\src\slib\ui\button_win32.cpp">
      <Filter>src\slib\ui</Filter>
    </ClCompile>
    <ClCompile Include="..\..\..\src\slib\ui\check_box.cpp">
      <Filter>src\slib\ui</Filter>
    </ClCompile>
    <ClCompile Include="..\..\..\src\slib\ui\check_box_win32.cpp">
      <Filter>src\slib\ui</Filter>
    </ClCompile>
    <ClCompile Include="..\..\..\src\slib\ui\cursor.cpp">
      <Filter>src\slib\ui</Filter>
    </ClCompile>
    <ClCompile Include="..\..\..\src\slib\ui\cursor_win32.cpp">
      <Filter>src\slib\ui</Filter>
    </ClCompile>
    <ClCompile Include="..\..\..\src\slib\ui\edit_view.cpp">
      <Filter>src\slib\ui</Filter>
    </ClCompile>
    <ClCompile Include="..\..\..\src\slib\ui\edit_view_win32.cpp">
      <Filter>src\slib\ui</Filter>
    </ClCompile>
    <ClCompile Include="..\..\..\src\slib\ui\label_view.cpp">
      <Filter>src\slib\ui</Filter>
    </ClCompile>
    <ClCompile Include="..\..\..\src\slib\ui\label_view_win32.cpp">
      <Filter>src\slib\ui</Filter>
    </ClCompile>
    <ClCompile Include="..\..\..\src\slib\ui\radio_button.cpp">
      <Filter>src\slib\ui</Filter>
    </ClCompile>
    <ClCompile Include="..\..\..\src\slib\ui\radio_button_win32.cpp">
      <Filter>src\slib\ui</Filter>
    </ClCompile>
    <ClCompile Include="..\..\..\src\slib\ui\render_view.cpp">
      <Filter>src\slib\ui</Filter>
    </ClCompile>
    <ClCompile Include="..\..\..\src\slib\ui\render_view_win32.cpp">
      <Filter>src\slib\ui</Filter>
    </ClCompile>
    <ClCompile Include="..\..\..\src\slib\ui\scroll_view.cpp">
      <Filter>src\slib\ui</Filter>
    </ClCompile>
    <ClCompile Include="..\..\..\src\slib\ui\scroll_view_win32.cpp">
      <Filter>src\slib\ui</Filter>
    </ClCompile>
    <ClCompile Include="..\..\..\src\slib\ui\tab_view.cpp">
      <Filter>src\slib\ui</Filter>
    </ClCompile>
    <ClCompile Include="..\..\..\src\slib\ui\tab_view_win32.cpp">
      <Filter>src\slib\ui</Filter>
    </ClCompile>
    <ClCompile Include="..\..\..\src\slib\ui\ui_core.cpp">
      <Filter>src\slib\ui</Filter>
    </ClCompile>
    <ClCompile Include="..\..\..\src\slib\ui\ui_core_win32.cpp">
      <Filter>src\slib\ui</Filter>
    </ClCompile>
    <ClCompile Include="..\..\..\src\slib\ui\ui_event.cpp">
      <Filter>src\slib\ui</Filter>
    </ClCompile>
    <ClCompile Include="..\..\..\src\slib\ui\ui_event_win32.cpp">
      <Filter>src\slib\ui</Filter>
    </ClCompile>
    <ClCompile Include="..\..\..\src\slib\ui\view.cpp">
      <Filter>src\slib\ui</Filter>
    </ClCompile>
    <ClCompile Include="..\..\..\src\slib\ui\camera_view.cpp">
      <Filter>src\slib\ui</Filter>
    </ClCompile>
    <ClCompile Include="..\..\..\src\slib\ui\video_view.cpp">
      <Filter>src\slib\ui</Filter>
    </ClCompile>
    <ClCompile Include="..\..\..\src\slib\media\camera_avfoundation.cpp">
      <Filter>src\slib\media</Filter>
    </ClCompile>
    <ClCompile Include="..\..\..\src\slib\media\camera_win32.cpp">
      <Filter>src\slib\media</Filter>
    </ClCompile>
    <ClCompile Include="..\..\..\src\slib\media\camera_dshow.cpp">
      <Filter>src\slib\media</Filter>
    </ClCompile>
    <ClCompile Include="..\..\..\src\slib\graphics\bitmap_data.cpp">
      <Filter>src\slib\graphics</Filter>
    </ClCompile>
    <ClCompile Include="..\..\..\src\slib\graphics\bitmap_format.cpp">
      <Filter>src\slib\graphics</Filter>
    </ClCompile>
    <ClCompile Include="..\..\..\src\slib\db\mysql.cpp">
      <Filter>src\slib\db</Filter>
    </ClCompile>
    <ClCompile Include="..\..\..\src\slib\db\database.cpp">
      <Filter>src\slib\db</Filter>
    </ClCompile>
    <ClCompile Include="..\..\..\src\slib\db\sqlite.cpp">
      <Filter>src\slib\db</Filter>
    </ClCompile>
    <ClCompile Include="..\..\..\src\slib\db\database_cursor.cpp">
      <Filter>src\slib\db</Filter>
    </ClCompile>
    <ClCompile Include="..\..\..\src\slib\db\database_statement.cpp">
      <Filter>src\slib\db</Filter>
    </ClCompile>
    <ClCompile Include="..\..\..\src\slib\core\atomic.cpp">
      <Filter>src\slib\core</Filter>
    </ClCompile>
    <ClCompile Include="..\..\..\src\slib\media\codec_vp8.cpp">
      <Filter>src\slib\media</Filter>
    </ClCompile>
    <ClCompile Include="..\..\..\src\slib\media\audio_data.cpp">
      <Filter>src\slib\media</Filter>
    </ClCompile>
    <ClCompile Include="..\..\..\src\slib\media\video_frame.cpp">
      <Filter>src\slib\media</Filter>
    </ClCompile>
    <ClCompile Include="..\..\..\src\slib\core\asset.cpp">
      <Filter>src\slib\core</Filter>
    </ClCompile>
    <ClCompile Include="..\..\..\src\slib\core\resource.cpp">
      <Filter>src\slib\core</Filter>
    </ClCompile>
    <ClCompile Include="..\..\..\src\slib\core\array.cpp">
      <Filter>src\slib\core</Filter>
    </ClCompile>
    <ClCompile Include="..\..\..\src\slib\core\list.cpp">
      <Filter>src\slib\core</Filter>
    </ClCompile>
    <ClCompile Include="..\..\..\src\slib\core\map.cpp">
      <Filter>src\slib\core</Filter>
    </ClCompile>
    <ClCompile Include="..\..\..\src\slib\core\object.cpp">
      <Filter>src\slib\core</Filter>
    </ClCompile>
    <ClCompile Include="..\..\..\src\slib\core\locale.cpp">
      <Filter>src\slib\core</Filter>
    </ClCompile>
    <ClCompile Include="..\..\..\src\slib\crypto\block_cipher.cpp">
      <Filter>src\slib\crypto</Filter>
    </ClCompile>
    <ClCompile Include="..\..\..\src\slib\math\vector2.cpp">
      <Filter>src\slib\math</Filter>
    </ClCompile>
    <ClCompile Include="..\..\..\src\slib\math\vector3.cpp">
      <Filter>src\slib\math</Filter>
    </ClCompile>
    <ClCompile Include="..\..\..\src\slib\math\vector4.cpp">
      <Filter>src\slib\math</Filter>
    </ClCompile>
    <ClCompile Include="..\..\..\src\slib\math\matrix2.cpp">
      <Filter>src\slib\math</Filter>
    </ClCompile>
    <ClCompile Include="..\..\..\src\slib\math\matrix3.cpp">
      <Filter>src\slib\math</Filter>
    </ClCompile>
    <ClCompile Include="..\..\..\src\slib\math\matrix4.cpp">
      <Filter>src\slib\math</Filter>
    </ClCompile>
    <ClCompile Include="..\..\..\src\slib\math\quaternion.cpp">
      <Filter>src\slib\math</Filter>
    </ClCompile>
    <ClCompile Include="..\..\..\src\slib\math\line.cpp">
      <Filter>src\slib\math</Filter>
    </ClCompile>
    <ClCompile Include="..\..\..\src\slib\math\line_segment.cpp">
      <Filter>src\slib\math</Filter>
    </ClCompile>
    <ClCompile Include="..\..\..\src\slib\math\line3.cpp">
      <Filter>src\slib\math</Filter>
    </ClCompile>
    <ClCompile Include="..\..\..\src\slib\math\rectangle.cpp">
      <Filter>src\slib\math</Filter>
    </ClCompile>
    <ClCompile Include="..\..\..\src\slib\math\plane.cpp">
      <Filter>src\slib\math</Filter>
    </ClCompile>
    <ClCompile Include="..\..\..\src\slib\math\bezier.cpp">
      <Filter>src\slib\math</Filter>
    </ClCompile>
    <ClCompile Include="..\..\..\src\slib\math\box.cpp">
      <Filter>src\slib\math</Filter>
    </ClCompile>
    <ClCompile Include="..\..\..\src\slib\math\sphere.cpp">
      <Filter>src\slib\math</Filter>
    </ClCompile>
    <ClCompile Include="..\..\..\src\slib\math\transform2d.cpp">
      <Filter>src\slib\math</Filter>
    </ClCompile>
    <ClCompile Include="..\..\..\src\slib\math\transform3d.cpp">
      <Filter>src\slib\math</Filter>
    </ClCompile>
    <ClCompile Include="..\..\..\src\slib\math\triangle.cpp">
      <Filter>src\slib\math</Filter>
    </ClCompile>
    <ClCompile Include="..\..\..\src\slib\math\triangle3.cpp">
      <Filter>src\slib\math</Filter>
    </ClCompile>
    <ClCompile Include="..\..\..\src\slib\math\view_frustum.cpp">
      <Filter>src\slib\math</Filter>
    </ClCompile>
    <ClCompile Include="..\..\..\src\slib\graphics\yuv.cpp">
      <Filter>src\slib\graphics</Filter>
    </ClCompile>
    <ClCompile Include="..\..\..\src\slib\media\audio_util.cpp">
      <Filter>src\slib\media</Filter>
    </ClCompile>
    <ClCompile Include="..\..\..\src\slib\network\arp.cpp">
      <Filter>src\slib\network</Filter>
    </ClCompile>
    <ClCompile Include="..\..\..\src\slib\network\datagram.cpp">
      <Filter>src\slib\network</Filter>
    </ClCompile>
    <ClCompile Include="..\..\..\src\slib\core\xml.cpp">
      <Filter>src\slib\core</Filter>
    </ClCompile>
    <ClCompile Include="..\..\..\src\slib\ui\ui_menu_win32.cpp">
      <Filter>src\slib\ui</Filter>
    </ClCompile>
    <ClCompile Include="..\..\..\src\slib\ui\ui_menu.cpp">
      <Filter>src\slib\ui</Filter>
    </ClCompile>
    <ClCompile Include="..\..\..\src\slib\ui\common_dialogs.cpp">
      <Filter>src\slib\ui</Filter>
    </ClCompile>
    <ClCompile Include="..\..\..\src\slib\ui\common_dialogs_win32.cpp">
      <Filter>src\slib\ui</Filter>
    </ClCompile>
    <ClCompile Include="..\..\..\src\slib\ui\scroll_bar.cpp">
      <Filter>src\slib\ui</Filter>
    </ClCompile>
    <ClCompile Include="..\..\..\src\slib\ui\tree_view.cpp">
      <Filter>src\slib\ui</Filter>
    </ClCompile>
    <ClCompile Include="..\..\..\src\slib\ui\ui_app.cpp">
      <Filter>src\slib\ui</Filter>
    </ClCompile>
    <ClCompile Include="..\..\..\src\slib\ui\ui_platform.cpp">
      <Filter>src\slib\ui</Filter>
    </ClCompile>
    <ClCompile Include="..\..\..\src\slib\ui\mobile_app.cpp">
      <Filter>src\slib\ui</Filter>
    </ClCompile>
    <ClCompile Include="..\..\..\src\slib\ui\mobile_game.cpp">
      <Filter>src\slib\ui</Filter>
    </ClCompile>
    <ClCompile Include="..\..\..\src\slib\core\charset.cpp">
      <Filter>src\slib\core</Filter>
    </ClCompile>
    <ClCompile Include="..\..\..\src\slib\graphics\graphics_resource.cpp">
      <Filter>src\slib\graphics</Filter>
    </ClCompile>
    <ClCompile Include="..\..\..\src\slib\render\render_resource.cpp">
      <Filter>src\slib\render</Filter>
    </ClCompile>
    <ClCompile Include="..\..\..\src\slib\ui\ui_resource.cpp">
      <Filter>src\slib\ui</Filter>
    </ClCompile>
    <ClCompile Include="..\..\..\src\slib\ui\linear_view.cpp">
      <Filter>src\slib\ui</Filter>
    </ClCompile>
    <ClCompile Include="..\..\..\src\slib\ui\list_view.cpp">
      <Filter>src\slib\ui</Filter>
    </ClCompile>
    <ClCompile Include="..\..\..\src\slib\ui\list_report_view_win32.cpp">
      <Filter>src\slib\ui</Filter>
    </ClCompile>
    <ClCompile Include="..\..\..\src\slib\ui\list_report_view.cpp">
      <Filter>src\slib\ui</Filter>
    </ClCompile>
    <ClCompile Include="..\..\..\src\slib\ui\select_view_win32.cpp">
      <Filter>src\slib\ui</Filter>
    </ClCompile>
    <ClCompile Include="..\..\..\src\slib\ui\select_view.cpp">
      <Filter>src\slib\ui</Filter>
    </ClCompile>
    <ClCompile Include="..\..\..\src\slib\ui\image_view.cpp">
      <Filter>src\slib\ui</Filter>
    </ClCompile>
    <ClCompile Include="..\..\..\src\slib\ui\split_view.cpp">
      <Filter>src\slib\ui</Filter>
    </ClCompile>
    <ClCompile Include="..\..\..\src\slib\ui\progress_bar.cpp">
      <Filter>src\slib\ui</Filter>
    </ClCompile>
    <ClCompile Include="..\..\..\src\slib\ui\view_page.cpp">
      <Filter>src\slib\ui</Filter>
    </ClCompile>
    <ClCompile Include="..\..\..\src\slib\ui\slider.cpp">
      <Filter>src\slib\ui</Filter>
    </ClCompile>
    <ClCompile Include="..\..\..\src\slib\core\animation.cpp">
      <Filter>src\slib\core</Filter>
    </ClCompile>
    <ClCompile Include="..\..\..\src\slib\graphics\bitmap_gdiplus.cpp">
      <Filter>src\slib\graphics</Filter>
    </ClCompile>
    <ClCompile Include="..\..\..\src\slib\graphics\brush_gdiplus.cpp">
      <Filter>src\slib\graphics</Filter>
    </ClCompile>
    <ClCompile Include="..\..\..\src\slib\graphics\pen_gdiplus.cpp">
      <Filter>src\slib\graphics</Filter>
    </ClCompile>
    <ClCompile Include="..\..\..\src\slib\graphics\canvas_gdiplus.cpp">
      <Filter>src\slib\graphics</Filter>
    </ClCompile>
    <ClCompile Include="..\..\..\src\slib\graphics\font_win32.cpp">
      <Filter>src\slib\graphics</Filter>
    </ClCompile>
    <ClCompile Include="..\..\..\src\slib\graphics\graphics_path_gdiplus.cpp">
      <Filter>src\slib\graphics</Filter>
    </ClCompile>
    <ClCompile Include="..\..\..\src\slib\graphics\drawable_gdiplus.cpp">
      <Filter>src\slib\graphics</Filter>
    </ClCompile>
    <ClCompile Include="..\..\..\src\slib\graphics\graphics_platform_win32.cpp">
      <Filter>src\slib\graphics</Filter>
    </ClCompile>
    <ClCompile Include="..\..\..\src\slib\ui\transition.cpp">
      <Filter>src\slib\ui</Filter>
    </ClCompile>
    <ClCompile Include="..\..\..\src\slib\render\render_canvas.cpp">
      <Filter>src\slib\render</Filter>
    </ClCompile>
    <ClCompile Include="..\..\..\src\slib\graphics\image_stb.cpp">
      <Filter>src\slib\graphics</Filter>
    </ClCompile>
    <ClCompile Include="..\..\..\src\slib\graphics\font_atlas.cpp">
      <Filter>src\slib\graphics</Filter>
    </ClCompile>
    <ClCompile Include="..\..\..\src\slib\ui\text_view.cpp">
      <Filter>src\slib\ui</Filter>
    </ClCompile>
    <ClCompile Include="..\..\..\src\slib\network\url.cpp">
      <Filter>src\slib\network</Filter>
    </ClCompile>
    <ClCompile Include="..\..\..\src\slib\network\url_request.cpp">
      <Filter>src\slib\network</Filter>
    </ClCompile>
    <ClCompile Include="..\..\..\src\slib\network\url_request_win32.cpp">
      <Filter>src\slib\network</Filter>
    </ClCompile>
    <ClCompile Include="..\..\..\src\slib\core\hash.cpp">
      <Filter>src\slib\core</Filter>
    </ClCompile>
    <ClCompile Include="..\..\..\src\slib\map\geo_rectangle.cpp">
      <Filter>src\slib\map</Filter>
    </ClCompile>
    <ClCompile Include="..\..\..\src\slib\map\globe.cpp">
      <Filter>src\slib\map</Filter>
    </ClCompile>
    <ClCompile Include="..\..\..\src\slib\map\latlon.cpp">
      <Filter>src\slib\map</Filter>
    </ClCompile>
    <ClCompile Include="..\..\..\src\slib\map\earth.cpp">
      <Filter>src\slib\map</Filter>
    </ClCompile>
    <ClCompile Include="..\..\..\src\slib\map\geo_line.cpp">
      <Filter>src\slib\map</Filter>
    </ClCompile>
    <ClCompile Include="..\..\..\src\slib\map\geo_location.cpp">
      <Filter>src\slib\map</Filter>
    </ClCompile>
    <ClCompile Include="..\..\..\src\slib\core\spin_lock.cpp">
      <Filter>src\slib\core</Filter>
    </ClCompile>
    <ClCompile Include="..\..\..\src\slib\core\function.cpp">
      <Filter>src\slib\core</Filter>
    </ClCompile>
    <ClCompile Include="..\..\..\src\slib\core\ref.cpp">
      <Filter>src\slib\core</Filter>
    </ClCompile>
    <ClCompile Include="..\..\..\src\slib\core\ptr.cpp">
      <Filter>src\slib\core</Filter>
    </ClCompile>
    <ClCompile Include="..\..\..\src\slib\core\collection.cpp">
      <Filter>src\slib\core</Filter>
    </ClCompile>
    <ClCompile Include="..\..\..\src\slib\ui\gesture.cpp">
      <Filter>src\slib\ui</Filter>
    </ClCompile>
    <ClCompile Include="..\..\..\src\slib\ui\motion_tracker.cpp">
      <Filter>src\slib\ui</Filter>
    </ClCompile>
    <ClCompile Include="..\..\..\src\slib\ui\picker_view.cpp">
      <Filter>src\slib\ui</Filter>
    </ClCompile>
    <ClCompile Include="..\..\..\src\slib\core\parse.cpp">
      <Filter>src\slib\core</Filter>
    </ClCompile>
    <ClCompile Include="..\..\..\src\slib\ui\ui_core_common.cpp">
      <Filter>src\slib\ui</Filter>
    </ClCompile>
    <ClCompile Include="..\..\..\src\slib\core\dispatch.cpp">
      <Filter>src\slib\core</Filter>
    </ClCompile>
    <ClCompile Include="..\..\..\src\slib\ui\ui_animation.cpp">
      <Filter>src\slib\ui</Filter>
    </ClCompile>
    <ClCompile Include="..\..\..\src\slib\render\render_drawable.cpp">
      <Filter>src\slib\render</Filter>
    </ClCompile>
  </ItemGroup>
  <ItemGroup>
    <ResourceCompile Include="slib.rc">
      <Filter>Resource Files</Filter>
    </ResourceCompile>
  </ItemGroup>
</Project>